{
  "name": "Matcha",
  "lockfileVersion": 2,
  "requires": true,
  "packages": {
    "": {
      "dependencies": {
        "@angular/material-moment-adapter": "^13.3.8",
        "moment": "^2.29.3"
      }
    },
    "node_modules/@angular/animations": {
      "version": "13.3.10",
      "resolved": "https://registry.npmjs.org/@angular/animations/-/animations-13.3.10.tgz",
      "integrity": "sha512-V/0h3xepWPBRjWroFXYrNIE3iZPREjv0hiB3gskF/2KLlx5jvpUWlaBx0rEYRa8XXIPJyAaKBGwWSBnT/Z88TQ==",
      "peer": true,
      "dependencies": {
        "tslib": "^2.3.0"
      },
      "engines": {
        "node": "^12.20.0 || ^14.15.0 || >=16.10.0"
      },
      "peerDependencies": {
        "@angular/core": "13.3.10"
      }
    },
    "node_modules/@angular/cdk": {
      "version": "13.3.8",
      "resolved": "https://registry.npmjs.org/@angular/cdk/-/cdk-13.3.8.tgz",
      "integrity": "sha512-ciLYoVxsqnA9hGJTUW74A56NjArYhFdqFYmVDimWWNYAgY7jY1gCfKq9UtixUErDi29FGSCWRbLuZ6w4q0NYnA==",
      "peer": true,
      "dependencies": {
        "tslib": "^2.3.0"
      },
      "optionalDependencies": {
        "parse5": "^5.0.0"
      },
      "peerDependencies": {
        "@angular/common": "^13.0.0 || ^14.0.0-0",
        "@angular/core": "^13.0.0 || ^14.0.0-0",
        "rxjs": "^6.5.3 || ^7.4.0"
      }
    },
    "node_modules/@angular/common": {
      "version": "13.3.10",
      "resolved": "https://registry.npmjs.org/@angular/common/-/common-13.3.10.tgz",
      "integrity": "sha512-KWw91QzmCDZ6uq1Z58v7vQQ57Ux7A2UkPdIBOyvpOgtQPTvlvKsePkUVCC+dum+W9mOy4kq2falO5T7Gi7SJgw==",
      "peer": true,
      "dependencies": {
        "tslib": "^2.3.0"
      },
      "engines": {
        "node": "^12.20.0 || ^14.15.0 || >=16.10.0"
      },
      "peerDependencies": {
        "@angular/core": "13.3.10",
        "rxjs": "^6.5.3 || ^7.4.0"
      }
    },
    "node_modules/@angular/core": {
      "version": "13.3.10",
      "resolved": "https://registry.npmjs.org/@angular/core/-/core-13.3.10.tgz",
      "integrity": "sha512-7jH1a5wZdE6Ki2Dow7s6v1/5SfUcXsjAu3n523QSDlM078QG0p95npcqPseO9mNftG9MfRqBE7sl1Nb+ZK7eBg==",
      "peer": true,
      "dependencies": {
        "tslib": "^2.3.0"
      },
      "engines": {
        "node": "^12.20.0 || ^14.15.0 || >=16.10.0"
      },
      "peerDependencies": {
        "rxjs": "^6.5.3 || ^7.4.0",
        "zone.js": "~0.11.4"
      }
    },
    "node_modules/@angular/forms": {
      "version": "13.3.10",
      "resolved": "https://registry.npmjs.org/@angular/forms/-/forms-13.3.10.tgz",
      "integrity": "sha512-2cREi8nvCdspYHk6KJ5xjIgq8Dgh/kfwPIVjpLQBZFNC03Q6GvOLVoVm8ye6ToOpQFjvjpjndqU93JXSLMANgA==",
      "peer": true,
      "dependencies": {
        "tslib": "^2.3.0"
      },
      "engines": {
        "node": "^12.20.0 || ^14.15.0 || >=16.10.0"
      },
      "peerDependencies": {
        "@angular/common": "13.3.10",
        "@angular/core": "13.3.10",
        "@angular/platform-browser": "13.3.10",
        "rxjs": "^6.5.3 || ^7.4.0"
      }
    },
    "node_modules/@angular/material": {
      "version": "13.3.8",
      "resolved": "https://registry.npmjs.org/@angular/material/-/material-13.3.8.tgz",
      "integrity": "sha512-y+j4WphhDZXvqKwf/fNuR+QNkH13Qc0fp7//i98f8Gy3Za1NCCc5SfIoifQ7Xqwh2ZKbgnh6GTdtbT4zq+NjaQ==",
      "peer": true,
      "dependencies": {
        "tslib": "^2.3.0"
      },
      "peerDependencies": {
        "@angular/animations": "^13.0.0 || ^14.0.0-0",
        "@angular/cdk": "13.3.8",
        "@angular/common": "^13.0.0 || ^14.0.0-0",
        "@angular/core": "^13.0.0 || ^14.0.0-0",
        "@angular/forms": "^13.0.0 || ^14.0.0-0",
        "@angular/platform-browser": "^13.0.0 || ^14.0.0-0",
        "rxjs": "^6.5.3 || ^7.4.0"
      }
    },
    "node_modules/@angular/material-moment-adapter": {
      "version": "13.3.8",
      "resolved": "https://registry.npmjs.org/@angular/material-moment-adapter/-/material-moment-adapter-13.3.8.tgz",
      "integrity": "sha512-7gzCBfYciSCmbPBS8BpcCjBMCnK1FKv+MsF+cOEIa5SolM00phjcz03tToTYxKIWPU1p3zv+XxguRWZ99TRg4A==",
      "dependencies": {
        "tslib": "^2.3.0"
      },
      "peerDependencies": {
        "@angular/core": "^13.0.0 || ^14.0.0-0",
        "@angular/material": "13.3.8",
        "moment": "^2.18.1"
      }
    },
    "node_modules/@angular/platform-browser": {
      "version": "13.3.10",
      "resolved": "https://registry.npmjs.org/@angular/platform-browser/-/platform-browser-13.3.10.tgz",
      "integrity": "sha512-zi0FrA8zZRiHLBfKlfIxikG06wMF2KcSp6oqrIblrc1VrHgPRVRABz8vryH84lasDssjYdIS9AvbQnCCdgCzJA==",
      "peer": true,
      "dependencies": {
        "tslib": "^2.3.0"
      },
      "engines": {
        "node": "^12.20.0 || ^14.15.0 || >=16.10.0"
      },
      "peerDependencies": {
        "@angular/animations": "13.3.10",
        "@angular/common": "13.3.10",
        "@angular/core": "13.3.10"
      },
      "peerDependenciesMeta": {
        "@angular/animations": {
          "optional": true
        }
      }
    },
    "node_modules/moment": {
      "version": "2.29.3",
      "resolved": "https://registry.npmjs.org/moment/-/moment-2.29.3.tgz",
      "integrity": "sha512-c6YRvhEo//6T2Jz/vVtYzqBzwvPT95JBQ+smCytzf7c50oMZRsR/a4w88aD34I+/QVSfnoAnSBFPJHItlOMJVw==",
      "engines": {
        "node": "*"
      }
    },
    "node_modules/parse5": {
      "version": "5.1.1",
      "resolved": "https://registry.npmjs.org/parse5/-/parse5-5.1.1.tgz",
      "integrity": "sha512-ugq4DFI0Ptb+WWjAdOK16+u/nHfiIrcE+sh8kZMaM0WllQKLI9rOUq6c2b7cwPkXdzfQESqvoqK6ug7U/Yyzug==",
      "optional": true,
      "peer": true
    },
    "node_modules/rxjs": {
      "version": "7.5.5",
      "resolved": "https://registry.npmjs.org/rxjs/-/rxjs-7.5.5.tgz",
      "integrity": "sha512-sy+H0pQofO95VDmFLzyaw9xNJU4KTRSwQIGM6+iG3SypAtCiLDzpeG8sJrNCWn2Up9km+KhkvTdbkrdy+yzZdw==",
      "peer": true,
      "dependencies": {
        "tslib": "^2.1.0"
      }
    },
    "node_modules/tslib": {
      "version": "2.4.0",
      "resolved": "https://registry.npmjs.org/tslib/-/tslib-2.4.0.tgz",
      "integrity": "sha512-d6xOpEDfsi2CZVlPQzGeux8XMwLT9hssAsaPYExaQMuYskwb+x1x7J371tWlbBdWHroy99KnVB6qIkUbs5X3UQ=="
    },
    "node_modules/zone.js": {
      "version": "0.11.5",
      "resolved": "https://registry.npmjs.org/zone.js/-/zone.js-0.11.5.tgz",
      "integrity": "sha512-D1/7VxEuQ7xk6z/kAROe4SUbd9CzxY4zOwVGnGHerd/SgLIVU5f4esDzQUsOCeArn933BZfWMKydH7l7dPEp0g==",
      "peer": true,
      "dependencies": {
        "tslib": "^2.3.0"
      }
    }
  },
  "dependencies": {
    "@angular/animations": {
      "version": "13.3.10",
      "resolved": "https://registry.npmjs.org/@angular/animations/-/animations-13.3.10.tgz",
      "integrity": "sha512-V/0h3xepWPBRjWroFXYrNIE3iZPREjv0hiB3gskF/2KLlx5jvpUWlaBx0rEYRa8XXIPJyAaKBGwWSBnT/Z88TQ==",
      "peer": true,
      "requires": {
        "tslib": "^2.3.0"
      }
    },
    "@angular/cdk": {
      "version": "13.3.8",
      "resolved": "https://registry.npmjs.org/@angular/cdk/-/cdk-13.3.8.tgz",
      "integrity": "sha512-ciLYoVxsqnA9hGJTUW74A56NjArYhFdqFYmVDimWWNYAgY7jY1gCfKq9UtixUErDi29FGSCWRbLuZ6w4q0NYnA==",
      "peer": true,
      "requires": {
        "parse5": "^5.0.0",
        "tslib": "^2.3.0"
      }
    },
    "@angular/common": {
      "version": "13.3.10",
      "resolved": "https://registry.npmjs.org/@angular/common/-/common-13.3.10.tgz",
      "integrity": "sha512-KWw91QzmCDZ6uq1Z58v7vQQ57Ux7A2UkPdIBOyvpOgtQPTvlvKsePkUVCC+dum+W9mOy4kq2falO5T7Gi7SJgw==",
      "peer": true,
      "requires": {
        "tslib": "^2.3.0"
      }
    },
    "@angular/core": {
      "version": "13.3.10",
      "resolved": "https://registry.npmjs.org/@angular/core/-/core-13.3.10.tgz",
      "integrity": "sha512-7jH1a5wZdE6Ki2Dow7s6v1/5SfUcXsjAu3n523QSDlM078QG0p95npcqPseO9mNftG9MfRqBE7sl1Nb+ZK7eBg==",
      "peer": true,
      "requires": {
        "tslib": "^2.3.0"
      }
    },
    "@angular/forms": {
      "version": "13.3.10",
      "resolved": "https://registry.npmjs.org/@angular/forms/-/forms-13.3.10.tgz",
      "integrity": "sha512-2cREi8nvCdspYHk6KJ5xjIgq8Dgh/kfwPIVjpLQBZFNC03Q6GvOLVoVm8ye6ToOpQFjvjpjndqU93JXSLMANgA==",
      "peer": true,
      "requires": {
        "tslib": "^2.3.0"
      }
    },
    "@angular/material": {
      "version": "13.3.8",
      "resolved": "https://registry.npmjs.org/@angular/material/-/material-13.3.8.tgz",
      "integrity": "sha512-y+j4WphhDZXvqKwf/fNuR+QNkH13Qc0fp7//i98f8Gy3Za1NCCc5SfIoifQ7Xqwh2ZKbgnh6GTdtbT4zq+NjaQ==",
      "peer": true,
      "requires": {
        "tslib": "^2.3.0"
      }
    },
    "@angular/material-moment-adapter": {
      "version": "13.3.8",
      "resolved": "https://registry.npmjs.org/@angular/material-moment-adapter/-/material-moment-adapter-13.3.8.tgz",
      "integrity": "sha512-7gzCBfYciSCmbPBS8BpcCjBMCnK1FKv+MsF+cOEIa5SolM00phjcz03tToTYxKIWPU1p3zv+XxguRWZ99TRg4A==",
      "requires": {
        "tslib": "^2.3.0"
      }
    },
    "@angular/platform-browser": {
      "version": "13.3.10",
      "resolved": "https://registry.npmjs.org/@angular/platform-browser/-/platform-browser-13.3.10.tgz",
      "integrity": "sha512-zi0FrA8zZRiHLBfKlfIxikG06wMF2KcSp6oqrIblrc1VrHgPRVRABz8vryH84lasDssjYdIS9AvbQnCCdgCzJA==",
      "peer": true,
      "requires": {
        "tslib": "^2.3.0"
      }
    },
    "moment": {
      "version": "2.29.3",
      "resolved": "https://registry.npmjs.org/moment/-/moment-2.29.3.tgz",
      "integrity": "sha512-c6YRvhEo//6T2Jz/vVtYzqBzwvPT95JBQ+smCytzf7c50oMZRsR/a4w88aD34I+/QVSfnoAnSBFPJHItlOMJVw=="
    },
    "parse5": {
      "version": "5.1.1",
      "resolved": "https://registry.npmjs.org/parse5/-/parse5-5.1.1.tgz",
      "integrity": "sha512-ugq4DFI0Ptb+WWjAdOK16+u/nHfiIrcE+sh8kZMaM0WllQKLI9rOUq6c2b7cwPkXdzfQESqvoqK6ug7U/Yyzug==",
      "optional": true,
      "peer": true
    },
    "rxjs": {
      "version": "7.5.5",
      "resolved": "https://registry.npmjs.org/rxjs/-/rxjs-7.5.5.tgz",
      "integrity": "sha512-sy+H0pQofO95VDmFLzyaw9xNJU4KTRSwQIGM6+iG3SypAtCiLDzpeG8sJrNCWn2Up9km+KhkvTdbkrdy+yzZdw==",
      "peer": true,
      "requires": {
        "tslib": "^2.1.0"
      }
    },
    "tslib": {
      "version": "2.4.0",
      "resolved": "https://registry.npmjs.org/tslib/-/tslib-2.4.0.tgz",
      "integrity": "sha512-d6xOpEDfsi2CZVlPQzGeux8XMwLT9hssAsaPYExaQMuYskwb+x1x7J371tWlbBdWHroy99KnVB6qIkUbs5X3UQ=="
    },
    "zone.js": {
      "version": "0.11.5",
      "resolved": "https://registry.npmjs.org/zone.js/-/zone.js-0.11.5.tgz",
      "integrity": "sha512-D1/7VxEuQ7xk6z/kAROe4SUbd9CzxY4zOwVGnGHerd/SgLIVU5f4esDzQUsOCeArn933BZfWMKydH7l7dPEp0g==",
      "peer": true,
      "requires": {
        "tslib": "^2.3.0"
      }
    }
  }
}
